
Microsoft Visual Studio Solution File, Format Version 12.00
# Visual Studio 2012
# SharpDevelop 5.2
VisualStudioVersion = 12.0.20827.3
MinimumVisualStudioVersion = 10.0.40219.1
Project("{FAE04EC0-301F-11D3-BF4B-00C04F79EFBC}") = "CadastroClientes", "CadastroClientes\CadastroClientes.csproj", "{52C66AC1-2255-4A05-9199-16B4677F421D}"
EndProject
Global
	GlobalSection(SolutionConfigurationPlatforms) = preSolution
		Debug|Any CPU = Debug|Any CPU
		Release|Any CPU = Release|Any CPU
	EndGlobalSection
	GlobalSection(ProjectConfigurationPlatforms) = postSolution
		{52C66AC1-2255-4A05-9199-16B4677F421D}.Debug|Any CPU.ActiveCfg = Debug|Any CPU
		{52C66AC1-2255-4A05-9199-16B4677F421D}.Debug|Any CPU.Build.0 = Debug|Any CPU
		{52C66AC1-2255-4A05-9199-16B4677F421D}.Release|Any CPU.ActiveCfg = Release|Any CPU
		{52C66AC1-2255-4A05-9199-16B4677F421D}.Release|Any CPU.Build.0 = Release|Any CPU
	EndGlobalSection
EndGlobal
